
Microsoft Visual Studio Solution File, Format Version 12.00
# Visual Studio 15
VisualStudioVersion = 15.0.28307.489
MinimumVisualStudioVersion = 10.0.40219.1
Project("{FAE04EC0-301F-11D3-BF4B-00C04F79EFBC}") = "FactoryPatternPracticeOne", "FactoryMethodPattern\FactoryPatternPracticeOne\FactoryPatternPracticeOne.csproj", "{FBD2707A-3FC1-4123-B178-4D53B5E6FE3E}"
EndProject
Project("{FAE04EC0-301F-11D3-BF4B-00C04F79EFBC}") = "FactoryPatternPracticeTwo", "FactoryMethodPattern\FactoryPatternPracticeTwo\FactoryPatternPracticeTwo.csproj", "{7F54424C-F2B0-4F4B-B077-674D1EA6D105}"
EndProject
Global
	GlobalSection(SolutionConfigurationPlatforms) = preSolution
		Debug|Any CPU = Debug|Any CPU
		Release|Any CPU = Release|Any CPU
	EndGlobalSection
	GlobalSection(ProjectConfigurationPlatforms) = postSolution
		{FBD2707A-3FC1-4123-B178-4D53B5E6FE3E}.Debug|Any CPU.ActiveCfg = Debug|Any CPU
		{FBD2707A-3FC1-4123-B178-4D53B5E6FE3E}.Debug|Any CPU.Build.0 = Debug|Any CPU
		{FBD2707A-3FC1-4123-B178-4D53B5E6FE3E}.Release|Any CPU.ActiveCfg = Release|Any CPU
		{FBD2707A-3FC1-4123-B178-4D53B5E6FE3E}.Release|Any CPU.Build.0 = Release|Any CPU
		{7F54424C-F2B0-4F4B-B077-674D1EA6D105}.Debug|Any CPU.ActiveCfg = Debug|Any CPU
		{7F54424C-F2B0-4F4B-B077-674D1EA6D105}.Debug|Any CPU.Build.0 = Debug|Any CPU
		{7F54424C-F2B0-4F4B-B077-674D1EA6D105}.Release|Any CPU.ActiveCfg = Release|Any CPU
		{7F54424C-F2B0-4F4B-B077-674D1EA6D105}.Release|Any CPU.Build.0 = Release|Any CPU
	EndGlobalSection
	GlobalSection(SolutionProperties) = preSolution
		HideSolutionNode = FALSE
	EndGlobalSection
	GlobalSection(ExtensibilityGlobals) = postSolution
		SolutionGuid = {366422C2-1B20-4285-82BA-EBA0A5E0526A}
	EndGlobalSection
EndGlobal
